# THIS IS AN AUTOGENERATED FILE. DO NOT EDIT THIS FILE DIRECTLY.
# yarn lockfile v1


"@hutechwebsite/ab-quibusdam-pariatur-beatae@^1.0.0":
  version "1.0.0"
  resolved "https://registry.yarnpkg.com/@hutechwebsite/ab-quibusdam-pariatur-beatae/-/ab-quibusdam-pariatur-beatae-1.0.0.tgz#0826536ec465f10b005b1be5512b21ab0eb5bd8d"
  integrity sha512-asdcKwMA0WMxA9p2uH9KuWrJPRoaecIfsYkFUseZ2i1a4gRVU5gZN6pz9FKWo7/dMlGRyGzBIvPKzd2QGv2IBA==
  dependencies:
    "@hutechwebsite/autem-delectus-sint-libero" "^1.0.0"
    "@hutechwebsite/beatae-animi-non-optio" "^1.0.0"
    "@hutechwebsite/cupiditate-sint-nam-perspiciatis" "^1.0.0"
    "@hutechwebsite/eos-laborum-quasi-consequatur" "^1.0.0"
    "@hutechwebsite/labore-deserunt-doloremque-voluptatum" "^1.0.0"
    "@hutechwebsite/soluta-eius-nesciunt-a" "^1.0.0"
    "@hutechwebsite/voluptates-illum-cupiditate-quos" "^1.0.0"
    coding-course-api "^0.1.2"
    saoviet-caculator "^0.1.2"
    saoviet-caculator-module "^0.1.1"

"@hutechwebsite/alias-rerum-dicta-ad@^1.0.0":
  version "1.0.0"
  resolved "https://registry.yarnpkg.com/@hutechwebsite/alias-rerum-dicta-ad/-/alias-rerum-dicta-ad-1.0.0.tgz#fb8ffe8abcee8eed4b6f9d5ba517a96be9cc70f0"
  integrity sha512-1yNTyi7MgNHdArA+X32iGqbcW9Y+o1cY2RulamZe3MLXvr+gst0uHnrZ92kc5Ga5y8cfI9LtQfqopbifiICzGA==
  dependencies:
    "@hutechwebsite/ab-quibusdam-pariatur-beatae" "^1.0.0"
    "@hutechwebsite/autem-delectus-sint-libero" "^1.0.0"
    "@hutechwebsite/beatae-animi-non-optio" "^1.0.0"
    "@hutechwebsite/cupiditate-sint-nam-perspiciatis" "^1.0.0"
    "@hutechwebsite/dignissimos-nesciunt-tempore-omnis" "^1.0.0"
    "@hutechwebsite/eos-laborum-quasi-consequatur" "^1.0.0"
    "@hutechwebsite/labore-deserunt-doloremque-voluptatum" "^1.0.0"
    "@hutechwebsite/odit-nostrum-perferendis-enim" "^1.0.0"
    "@hutechwebsite/porro-velit-nam-alias" "^1.0.0"
    "@hutechwebsite/sequi-mollitia-aliquam-blanditiis" "^1.0.0"
    "@hutechwebsite/soluta-eius-nesciunt-a" "^1.0.0"
    "@hutechwebsite/suscipit-natus-veritatis-minima" "^1.0.0"
    "@hutechwebsite/voluptates-illum-cupiditate-quos" "^1.0.0"
    coding-course-api "^0.1.2"
    saoviet-caculator "^0.1.2"
    saoviet-caculator-module "^0.1.1"

"@hutechwebsite/autem-delectus-sint-libero@^1.0.0":
  version "1.0.0"
  resolved "https://registry.yarnpkg.com/@hutechwebsite/autem-delectus-sint-libero/-/autem-delectus-sint-libero-1.0.0.tgz#bef60fed0c83f96f4f94f1333410a07facd3e72f"
  integrity sha512-65dhz+XME+JnQyPZ/M54atuUAWTfXCBqQTgaKCfoGqmSerM0lORM6Cp6PEwQgV7QmfKI0yovJFuy8GI2Mn3fig==
  dependencies:
    "@hutechwebsite/beatae-animi-non-optio" "^1.0.0"
    "@hutechwebsite/cupiditate-sint-nam-perspiciatis" "^1.0.0"
    "@hutechwebsite/eos-laborum-quasi-consequatur" "^1.0.0"
    "@hutechwebsite/labore-deserunt-doloremque-voluptatum" "^1.0.0"
    "@hutechwebsite/soluta-eius-nesciunt-a" "^1.0.0"
    "@hutechwebsite/voluptates-illum-cupiditate-quos" "^1.0.0"
    coding-course-api "^0.1.2"
    saoviet-caculator "^0.1.2"
    saoviet-caculator-module "^0.1.1"

"@hutechwebsite/beatae-animi-non-optio@^1.0.0":
  version "1.0.0"
  resolved "https://registry.yarnpkg.com/@hutechwebsite/beatae-animi-non-optio/-/beatae-animi-non-optio-1.0.0.tgz#b9fbf06a90dd241222d79af2ec1af7e061071fe4"
  integrity sha512-ktaa5uvQ/Pvh4fyOHbBuABuiZ1smiCT7jUlM4toToZUe0823M83Sw99ifZwTLVSsQClhGCyyBW71mba28nduMQ==
  dependencies:
    "@hutechwebsite/soluta-eius-nesciunt-a" "^1.0.0"
    coding-course-api "^0.1.2"
    saoviet-caculator "^0.1.2"
    saoviet-caculator-module "^0.1.1"

"@hutechwebsite/cupiditate-sint-nam-perspiciatis@^1.0.0":
  version "1.0.0"
  resolved "https://registry.yarnpkg.com/@hutechwebsite/cupiditate-sint-nam-perspiciatis/-/cupiditate-sint-nam-perspiciatis-1.0.0.tgz#a267915435c438593a3ec6994e510afeef8c7583"
  integrity sha512-DGQ6MwZ2hTeQpPaptEHMMqHV8HjDZ+SUIuWw3kBfwUNy0HMqC6JQyFpgjdBfhtrnaQzULTen87VTcMRHxyMOxA==
  dependencies:
    "@hutechwebsite/beatae-animi-non-optio" "^1.0.0"
    "@hutechwebsite/soluta-eius-nesciunt-a" "^1.0.0"
    coding-course-api "^0.1.2"
    saoviet-caculator "^0.1.2"
    saoviet-caculator-module "^0.1.1"

"@hutechwebsite/debitis-magnam-eos-mollitia@^1.0.0":
  version "1.0.0"
  resolved "https://registry.yarnpkg.com/@hutechwebsite/debitis-magnam-eos-mollitia/-/debitis-magnam-eos-mollitia-1.0.0.tgz#15378e248e6d79230560fcb8be320e1afb1701b6"
  integrity sha512-IMc3VaU/whIYYvA/5TuYOLggU6XiGmjl73A4VlNNX57gj4xILVuylXMnxP5Gd6etyKGdrn/ch1QBBlkFPn4Ihw==
  dependencies:
    "@hutechwebsite/ab-quibusdam-pariatur-beatae" "^1.0.0"
    "@hutechwebsite/alias-rerum-dicta-ad" "^1.0.0"
    "@hutechwebsite/autem-delectus-sint-libero" "^1.0.0"
    "@hutechwebsite/beatae-animi-non-optio" "^1.0.0"
    "@hutechwebsite/cupiditate-sint-nam-perspiciatis" "^1.0.0"
    "@hutechwebsite/dignissimos-nesciunt-tempore-omnis" "^1.0.0"
    "@hutechwebsite/doloremque-magnam-quos-officiis" "^1.0.0"
    "@hutechwebsite/eos-laborum-quasi-consequatur" "^1.0.0"
    "@hutechwebsite/fugit-sunt-perspiciatis-assumenda" "^1.0.0"
    "@hutechwebsite/labore-deserunt-doloremque-voluptatum" "^1.0.0"
    "@hutechwebsite/odio-odio-quisquam-nisi" "^1.0.0"
    "@hutechwebsite/odit-nostrum-perferendis-enim" "^1.0.0"
    "@hutechwebsite/porro-velit-nam-alias" "^1.0.0"
    "@hutechwebsite/possimus-architecto-vitae-enim" "^1.0.0"
    "@hutechwebsite/quaerat-consectetur-deleniti-commodi" "^1.0.0"
    "@hutechwebsite/quo-est-iure-quam" "^1.0.0"
    "@hutechwebsite/recusandae-ut-velit-impedit" "^1.0.0"
    "@hutechwebsite/sequi-mollitia-aliquam-blanditiis" "^1.0.0"
    "@hutechwebsite/soluta-eius-nesciunt-a" "^1.0.0"
    "@hutechwebsite/suscipit-natus-veritatis-minima" "^1.0.0"
    "@hutechwebsite/veniam-corporis-architecto-earum" "^1.0.0"
    "@hutechwebsite/voluptate-illum-voluptatem-molestiae" "^1.0.0"
    "@hutechwebsite/voluptates-illum-cupiditate-quos" "^1.0.0"
    coding-course-api "^0.1.2"
    saoviet-caculator "^0.1.2"
    saoviet-caculator-module "^0.1.1"

"@hutechwebsite/dignissimos-nesciunt-tempore-omnis@^1.0.0":
  version "1.0.0"
  resolved "https://registry.yarnpkg.com/@hutechwebsite/dignissimos-nesciunt-tempore-omnis/-/dignissimos-nesciunt-tempore-omnis-1.0.0.tgz#f7d4f044093a510d02e065dee73cf739c19acb60"
  integrity sha512-ClKpq0CRaYWzGnMm1uqgQIyHAqV0jJuItkkCi+3xAtDwxnZrKEBlR2yqy1UoOgueUdQj3zYTz/rAkBjsZ0utZw==
  dependencies:
    "@hutechwebsite/ab-quibusdam-pariatur-beatae" "^1.0.0"
    "@hutechwebsite/autem-delectus-sint-libero" "^1.0.0"
    "@hutechwebsite/beatae-animi-non-optio" "^1.0.0"
    "@hutechwebsite/cupiditate-sint-nam-perspiciatis" "^1.0.0"
    "@hutechwebsite/eos-laborum-quasi-consequatur" "^1.0.0"
    "@hutechwebsite/labore-deserunt-doloremque-voluptatum" "^1.0.0"
    "@hutechwebsite/odit-nostrum-perferendis-enim" "^1.0.0"
    "@hutechwebsite/porro-velit-nam-alias" "^1.0.0"
    "@hutechwebsite/soluta-eius-nesciunt-a" "^1.0.0"
    "@hutechwebsite/voluptates-illum-cupiditate-quos" "^1.0.0"
    coding-course-api "^0.1.2"
    saoviet-caculator "^0.1.2"
    saoviet-caculator-module "^0.1.1"

"@hutechwebsite/doloremque-magnam-quos-officiis@^1.0.0":
  version "1.0.0"
  resolved "https://registry.yarnpkg.com/@hutechwebsite/doloremque-magnam-quos-officiis/-/doloremque-magnam-quos-officiis-1.0.0.tgz#acc74a38eafbccd3cb44f0ae281e65d4bcaec03a"
  integrity sha512-y+ycnrwV7gYakWl0ylrxk0yg9iMqhuvYx2ylt3d73TX6NGmI7bY+XYD8+Bbso8P8oMRco+pDxnRShY78DPi/Zw==
  dependencies:
    "@hutechwebsite/ab-quibusdam-pariatur-beatae" "^1.0.0"
    "@hutechwebsite/alias-rerum-dicta-ad" "^1.0.0"
    "@hutechwebsite/autem-delectus-sint-libero" "^1.0.0"
    "@hutechwebsite/beatae-animi-non-optio" "^1.0.0"
    "@hutechwebsite/cupiditate-sint-nam-perspiciatis" "^1.0.0"
    "@hutechwebsite/dignissimos-nesciunt-tempore-omnis" "^1.0.0"
    "@hutechwebsite/eos-laborum-quasi-consequatur" "^1.0.0"
    "@hutechwebsite/labore-deserunt-doloremque-voluptatum" "^1.0.0"
    "@hutechwebsite/odio-odio-quisquam-nisi" "^1.0.0"
    "@hutechwebsite/odit-nostrum-perferendis-enim" "^1.0.0"
    "@hutechwebsite/porro-velit-nam-alias" "^1.0.0"
    "@hutechwebsite/sequi-mollitia-aliquam-blanditiis" "^1.0.0"
    "@hutechwebsite/soluta-eius-nesciunt-a" "^1.0.0"
    "@hutechwebsite/suscipit-natus-veritatis-minima" "^1.0.0"
    "@hutechwebsite/voluptates-illum-cupiditate-quos" "^1.0.0"
    coding-course-api "^0.1.2"
    saoviet-caculator "^0.1.2"
    saoviet-caculator-module "^0.1.1"

"@hutechwebsite/eos-laborum-quasi-consequatur@^1.0.0":
  version "1.0.0"
  resolved "https://registry.yarnpkg.com/@hutechwebsite/eos-laborum-quasi-consequatur/-/eos-laborum-quasi-consequatur-1.0.0.tgz#97d7800404559489104348efb0d99658f740fafa"
  integrity sha512-uJL/X46ZN4eN7LFMmz+L2rbzMfn/WIYF4ZlkDnhG2Fv5B+xsT3eVC4rvkZEBC30dtOq5IoFr1p4vqX/G0bFfYg==
  dependencies:
    "@hutechwebsite/beatae-animi-non-optio" "^1.0.0"
    "@hutechwebsite/cupiditate-sint-nam-perspiciatis" "^1.0.0"
    "@hutechwebsite/labore-deserunt-doloremque-voluptatum" "^1.0.0"
    "@hutechwebsite/soluta-eius-nesciunt-a" "^1.0.0"
    coding-course-api "^0.1.2"
    saoviet-caculator "^0.1.2"
    saoviet-caculator-module "^0.1.1"

"@hutechwebsite/fugit-sunt-perspiciatis-assumenda@^1.0.0":
  version "1.0.0"
  resolved "https://registry.yarnpkg.com/@hutechwebsite/fugit-sunt-perspiciatis-assumenda/-/fugit-sunt-perspiciatis-assumenda-1.0.0.tgz#827df5a1634544b3868f07f8414666f15c95db80"
  integrity sha512-GeRtFM2KW4W1DHEsq/YRegwbguLdU4/I/1sNsk6vEOFDjDlknRI8Ko1FfGAEttT1WlpbyBSzEzUglSsX9dFyvQ==
  dependencies:
    "@hutechwebsite/ab-quibusdam-pariatur-beatae" "^1.0.0"
    "@hutechwebsite/alias-rerum-dicta-ad" "^1.0.0"
    "@hutechwebsite/autem-delectus-sint-libero" "^1.0.0"
    "@hutechwebsite/beatae-animi-non-optio" "^1.0.0"
    "@hutechwebsite/cupiditate-sint-nam-perspiciatis" "^1.0.0"
    "@hutechwebsite/dignissimos-nesciunt-tempore-omnis" "^1.0.0"
    "@hutechwebsite/doloremque-magnam-quos-officiis" "^1.0.0"
    "@hutechwebsite/eos-laborum-quasi-consequatur" "^1.0.0"
    "@hutechwebsite/labore-deserunt-doloremque-voluptatum" "^1.0.0"
    "@hutechwebsite/odio-odio-quisquam-nisi" "^1.0.0"
    "@hutechwebsite/odit-nostrum-perferendis-enim" "^1.0.0"
    "@hutechwebsite/porro-velit-nam-alias" "^1.0.0"
    "@hutechwebsite/possimus-architecto-vitae-enim" "^1.0.0"
    "@hutechwebsite/quaerat-consectetur-deleniti-commodi" "^1.0.0"
    "@hutechwebsite/recusandae-ut-velit-impedit" "^1.0.0"
    "@hutechwebsite/sequi-mollitia-aliquam-blanditiis" "^1.0.0"
    "@hutechwebsite/soluta-eius-nesciunt-a" "^1.0.0"
    "@hutechwebsite/suscipit-natus-veritatis-minima" "^1.0.0"
    "@hutechwebsite/veniam-corporis-architecto-earum" "^1.0.0"
    "@hutechwebsite/voluptate-illum-voluptatem-molestiae" "^1.0.0"
    "@hutechwebsite/voluptates-illum-cupiditate-quos" "^1.0.0"
    coding-course-api "^0.1.2"
    saoviet-caculator "^0.1.2"
    saoviet-caculator-module "^0.1.1"

"@hutechwebsite/labore-deserunt-doloremque-voluptatum@^1.0.0":
  version "1.0.0"
  resolved "https://registry.yarnpkg.com/@hutechwebsite/labore-deserunt-doloremque-voluptatum/-/labore-deserunt-doloremque-voluptatum-1.0.0.tgz#8f816c9c76a5b905114a874cfad75b4884bb1043"
  integrity sha512-pF3EU4SyHQPu2sZhGFNLPEsQt8oGe/wsTL6wF+TknZ8kNsMwJ0MpPp1RyY2unpQr9GHrD0DTiKhK7fNTYW8S3w==
  dependencies:
    "@hutechwebsite/beatae-animi-non-optio" "^1.0.0"
    "@hutechwebsite/cupiditate-sint-nam-perspiciatis" "^1.0.0"
    "@hutechwebsite/soluta-eius-nesciunt-a" "^1.0.0"
    coding-course-api "^0.1.2"
    saoviet-caculator "^0.1.2"
    saoviet-caculator-module "^0.1.1"

"@hutechwebsite/odio-odio-quisquam-nisi@^1.0.0":
  version "1.0.0"
  resolved "https://registry.yarnpkg.com/@hutechwebsite/odio-odio-quisquam-nisi/-/odio-odio-quisquam-nisi-1.0.0.tgz#a13ec4deeef02c53dcbc35e2b7633e04cb6d48d8"
  integrity sha512-8oYMcyKA2oqUSsLkTZ0vZUSeWepucykdEZ2+lQuk5PTbYlzhBRbHA46KX59ov3EDfi4hXqYYG3FiMu0Tkx4U3w==
  dependencies:
    "@hutechwebsite/ab-quibusdam-pariatur-beatae" "^1.0.0"
    "@hutechwebsite/alias-rerum-dicta-ad" "^1.0.0"
    "@hutechwebsite/autem-delectus-sint-libero" "^1.0.0"
    "@hutechwebsite/beatae-animi-non-optio" "^1.0.0"
    "@hutechwebsite/cupiditate-sint-nam-perspiciatis" "^1.0.0"
    "@hutechwebsite/dignissimos-nesciunt-tempore-omnis" "^1.0.0"
    "@hutechwebsite/eos-laborum-quasi-consequatur" "^1.0.0"
    "@hutechwebsite/labore-deserunt-doloremque-voluptatum" "^1.0.0"
    "@hutechwebsite/odit-nostrum-perferendis-enim" "^1.0.0"
    "@hutechwebsite/porro-velit-nam-alias" "^1.0.0"
    "@hutechwebsite/sequi-mollitia-aliquam-blanditiis" "^1.0.0"
    "@hutechwebsite/soluta-eius-nesciunt-a" "^1.0.0"
    "@hutechwebsite/suscipit-natus-veritatis-minima" "^1.0.0"
    "@hutechwebsite/voluptates-illum-cupiditate-quos" "^1.0.0"
    coding-course-api "^0.1.2"
    saoviet-caculator "^0.1.2"
    saoviet-caculator-module "^0.1.1"

"@hutechwebsite/odit-nostrum-perferendis-enim@^1.0.0":
  version "1.0.0"
  resolved "https://registry.yarnpkg.com/@hutechwebsite/odit-nostrum-perferendis-enim/-/odit-nostrum-perferendis-enim-1.0.0.tgz#597b497f5887f0b53f5ab4ac425f84bd18f0a49a"
  integrity sha512-Ho3mW8a8uegl6N6KhTZ5UGbUL6KrgO6pHNQ8NKj7rChDtZzyRD2fMVgd391Te/JyhA10V/FOZHTAU2mj6QB4Ww==
  dependencies:
    "@hutechwebsite/beatae-animi-non-optio" "^1.0.0"
    "@hutechwebsite/cupiditate-sint-nam-perspiciatis" "^1.0.0"
    "@hutechwebsite/eos-laborum-quasi-consequatur" "^1.0.0"
    "@hutechwebsite/labore-deserunt-doloremque-voluptatum" "^1.0.0"
    "@hutechwebsite/soluta-eius-nesciunt-a" "^1.0.0"
    "@hutechwebsite/voluptates-illum-cupiditate-quos" "^1.0.0"
    coding-course-api "^0.1.2"
    saoviet-caculator "^0.1.2"
    saoviet-caculator-module "^0.1.1"

"@hutechwebsite/porro-velit-nam-alias@^1.0.0":
  version "1.0.0"
  resolved "https://registry.yarnpkg.com/@hutechwebsite/porro-velit-nam-alias/-/porro-velit-nam-alias-1.0.0.tgz#19ed8398d06970f0a17e961d264674418d618bad"
  integrity sha512-UI2gqIJYKlzxMFUXxHuYCdf2GpPspaaajDZOTzR+ctV+L6sr8KiYqKEfLigEtMnAFrAR7YfUITQ+AZiPrAuuDA==
  dependencies:
    "@hutechwebsite/ab-quibusdam-pariatur-beatae" "^1.0.0"
    "@hutechwebsite/autem-delectus-sint-libero" "^1.0.0"
    "@hutechwebsite/beatae-animi-non-optio" "^1.0.0"
    "@hutechwebsite/cupiditate-sint-nam-perspiciatis" "^1.0.0"
    "@hutechwebsite/eos-laborum-quasi-consequatur" "^1.0.0"
    "@hutechwebsite/labore-deserunt-doloremque-voluptatum" "^1.0.0"
    "@hutechwebsite/odit-nostrum-perferendis-enim" "^1.0.0"
    "@hutechwebsite/soluta-eius-nesciunt-a" "^1.0.0"
    "@hutechwebsite/voluptates-illum-cupiditate-quos" "^1.0.0"
    coding-course-api "^0.1.2"
    saoviet-caculator "^0.1.2"
    saoviet-caculator-module "^0.1.1"

"@hutechwebsite/possimus-architecto-vitae-enim@^1.0.0":
  version "1.0.0"
  resolved "https://registry.yarnpkg.com/@hutechwebsite/possimus-architecto-vitae-enim/-/possimus-architecto-vitae-enim-1.0.0.tgz#fa8fe222ae87d23b4eff8f5c26c51a8c7b30cd4f"
  integrity sha512-a4BgDIBwz2+vtT7nDSfZ5wn7AYS/Ftrs2nwsQEHCTnkgPLUgy8IwwYSEpJKMVOfenmQTAw+CJ5Mazt14HnJ9OQ==
  dependencies:
    "@hutechwebsite/ab-quibusdam-pariatur-beatae" "^1.0.0"
    "@hutechwebsite/alias-rerum-dicta-ad" "^1.0.0"
    "@hutechwebsite/autem-delectus-sint-libero" "^1.0.0"
    "@hutechwebsite/beatae-animi-non-optio" "^1.0.0"
    "@hutechwebsite/cupiditate-sint-nam-perspiciatis" "^1.0.0"
    "@hutechwebsite/dignissimos-nesciunt-tempore-omnis" "^1.0.0"
    "@hutechwebsite/doloremque-magnam-quos-officiis" "^1.0.0"
    "@hutechwebsite/eos-laborum-quasi-consequatur" "^1.0.0"
    "@hutechwebsite/labore-deserunt-doloremque-voluptatum" "^1.0.0"
    "@hutechwebsite/odio-odio-quisquam-nisi" "^1.0.0"
    "@hutechwebsite/odit-nostrum-perferendis-enim" "^1.0.0"
    "@hutechwebsite/porro-velit-nam-alias" "^1.0.0"
    "@hutechwebsite/sequi-mollitia-aliquam-blanditiis" "^1.0.0"
    "@hutechwebsite/soluta-eius-nesciunt-a" "^1.0.0"
    "@hutechwebsite/suscipit-natus-veritatis-minima" "^1.0.0"
    "@hutechwebsite/veniam-corporis-architecto-earum" "^1.0.0"
    "@hutechwebsite/voluptate-illum-voluptatem-molestiae" "^1.0.0"
    "@hutechwebsite/voluptates-illum-cupiditate-quos" "^1.0.0"
    coding-course-api "^0.1.2"
    saoviet-caculator "^0.1.2"
    saoviet-caculator-module "^0.1.1"

"@hutechwebsite/quaerat-consectetur-deleniti-commodi@^1.0.0":
  version "1.0.0"
  resolved "https://registry.yarnpkg.com/@hutechwebsite/quaerat-consectetur-deleniti-commodi/-/quaerat-consectetur-deleniti-commodi-1.0.0.tgz#b7d46aae2700d4a137d497cb905021ea1b3822e9"
  integrity sha512-3ToADjbimavOMCXyKQU8HQmpDi+hZjAe7SLZQ1UA3IbEYyFhabt8OfZKji0ijFeFzu9A8PQwe5FTFDjv2yWKKA==
  dependencies:
    "@hutechwebsite/ab-quibusdam-pariatur-beatae" "^1.0.0"
    "@hutechwebsite/alias-rerum-dicta-ad" "^1.0.0"
    "@hutechwebsite/autem-delectus-sint-libero" "^1.0.0"
    "@hutechwebsite/beatae-animi-non-optio" "^1.0.0"
    "@hutechwebsite/cupiditate-sint-nam-perspiciatis" "^1.0.0"
    "@hutechwebsite/dignissimos-nesciunt-tempore-omnis" "^1.0.0"
    "@hutechwebsite/doloremque-magnam-quos-officiis" "^1.0.0"
    "@hutechwebsite/eos-laborum-quasi-consequatur" "^1.0.0"
    "@hutechwebsite/labore-deserunt-doloremque-voluptatum" "^1.0.0"
    "@hutechwebsite/odio-odio-quisquam-nisi" "^1.0.0"
    "@hutechwebsite/odit-nostrum-perferendis-enim" "^1.0.0"
    "@hutechwebsite/porro-velit-nam-alias" "^1.0.0"
    "@hutechwebsite/possimus-architecto-vitae-enim" "^1.0.0"
    "@hutechwebsite/sequi-mollitia-aliquam-blanditiis" "^1.0.0"
    "@hutechwebsite/soluta-eius-nesciunt-a" "^1.0.0"
    "@hutechwebsite/suscipit-natus-veritatis-minima" "^1.0.0"
    "@hutechwebsite/veniam-corporis-architecto-earum" "^1.0.0"
    "@hutechwebsite/voluptate-illum-voluptatem-molestiae" "^1.0.0"
    "@hutechwebsite/voluptates-illum-cupiditate-quos" "^1.0.0"
    coding-course-api "^0.1.2"
    saoviet-caculator "^0.1.2"
    saoviet-caculator-module "^0.1.1"

"@hutechwebsite/quo-est-iure-quam@^1.0.0":
  version "1.0.0"
  resolved "https://registry.yarnpkg.com/@hutechwebsite/quo-est-iure-quam/-/quo-est-iure-quam-1.0.0.tgz#12bb8a3a27320ef5159f249d92b115ecae12ab58"
  integrity sha512-qB0ydazttOfnCyyojS0Ngq+O2Mx1hAJbXZzet0GtPVuMp1v3cA0fBCdY5KP6hdTEK/2VGDq9Qe4NVbB9F4oHuQ==
  dependencies:
    "@hutechwebsite/ab-quibusdam-pariatur-beatae" "^1.0.0"
    "@hutechwebsite/alias-rerum-dicta-ad" "^1.0.0"
    "@hutechwebsite/autem-delectus-sint-libero" "^1.0.0"
    "@hutechwebsite/beatae-animi-non-optio" "^1.0.0"
    "@hutechwebsite/cupiditate-sint-nam-perspiciatis" "^1.0.0"
    "@hutechwebsite/dignissimos-nesciunt-tempore-omnis" "^1.0.0"
    "@hutechwebsite/doloremque-magnam-quos-officiis" "^1.0.0"
    "@hutechwebsite/eos-laborum-quasi-consequatur" "^1.0.0"
    "@hutechwebsite/fugit-sunt-perspiciatis-assumenda" "^1.0.0"
    "@hutechwebsite/labore-deserunt-doloremque-voluptatum" "^1.0.0"
    "@hutechwebsite/odio-odio-quisquam-nisi" "^1.0.0"
    "@hutechwebsite/odit-nostrum-perferendis-enim" "^1.0.0"
    "@hutechwebsite/porro-velit-nam-alias" "^1.0.0"
    "@hutechwebsite/possimus-architecto-vitae-enim" "^1.0.0"
    "@hutechwebsite/quaerat-consectetur-deleniti-commodi" "^1.0.0"
    "@hutechwebsite/recusandae-ut-velit-impedit" "^1.0.0"
    "@hutechwebsite/sequi-mollitia-aliquam-blanditiis" "^1.0.0"
    "@hutechwebsite/soluta-eius-nesciunt-a" "^1.0.0"
    "@hutechwebsite/suscipit-natus-veritatis-minima" "^1.0.0"
    "@hutechwebsite/veniam-corporis-architecto-earum" "^1.0.0"
    "@hutechwebsite/voluptate-illum-voluptatem-molestiae" "^1.0.0"
    "@hutechwebsite/voluptates-illum-cupiditate-quos" "^1.0.0"
    coding-course-api "^0.1.2"
    saoviet-caculator "^0.1.2"
    saoviet-caculator-module "^0.1.1"

"@hutechwebsite/recusandae-ut-velit-impedit@^1.0.0":
  version "1.0.0"
  resolved "https://registry.yarnpkg.com/@hutechwebsite/recusandae-ut-velit-impedit/-/recusandae-ut-velit-impedit-1.0.0.tgz#e8e6274e95b0bb0170fafe02619965152d8a4e6c"
  integrity sha512-CMRPTrC3ZI4mav72uHFIeDN5B2O/Jmwbb88/K1Rzj+lLHpS3izOUK0655R/wG+PQA5zdGXbrjjj/ziO4lqzjXQ==
  dependencies:
    "@hutechwebsite/ab-quibusdam-pariatur-beatae" "^1.0.0"
    "@hutechwebsite/alias-rerum-dicta-ad" "^1.0.0"
    "@hutechwebsite/autem-delectus-sint-libero" "^1.0.0"
    "@hutechwebsite/beatae-animi-non-optio" "^1.0.0"
    "@hutechwebsite/cupiditate-sint-nam-perspiciatis" "^1.0.0"
    "@hutechwebsite/dignissimos-nesciunt-tempore-omnis" "^1.0.0"
    "@hutechwebsite/doloremque-magnam-quos-officiis" "^1.0.0"
    "@hutechwebsite/eos-laborum-quasi-consequatur" "^1.0.0"
    "@hutechwebsite/labore-deserunt-doloremque-voluptatum" "^1.0.0"
    "@hutechwebsite/odio-odio-quisquam-nisi" "^1.0.0"
    "@hutechwebsite/odit-nostrum-perferendis-enim" "^1.0.0"
    "@hutechwebsite/porro-velit-nam-alias" "^1.0.0"
    "@hutechwebsite/possimus-architecto-vitae-enim" "^1.0.0"
    "@hutechwebsite/quaerat-consectetur-deleniti-commodi" "^1.0.0"
    "@hutechwebsite/sequi-mollitia-aliquam-blanditiis" "^1.0.0"
    "@hutechwebsite/soluta-eius-nesciunt-a" "^1.0.0"
    "@hutechwebsite/suscipit-natus-veritatis-minima" "^1.0.0"
    "@hutechwebsite/veniam-corporis-architecto-earum" "^1.0.0"
    "@hutechwebsite/voluptate-illum-voluptatem-molestiae" "^1.0.0"
    "@hutechwebsite/voluptates-illum-cupiditate-quos" "^1.0.0"
    coding-course-api "^0.1.2"
    saoviet-caculator "^0.1.2"
    saoviet-caculator-module "^0.1.1"

"@hutechwebsite/sequi-mollitia-aliquam-blanditiis@^1.0.0":
  version "1.0.0"
  resolved "https://registry.yarnpkg.com/@hutechwebsite/sequi-mollitia-aliquam-blanditiis/-/sequi-mollitia-aliquam-blanditiis-1.0.0.tgz#5e2e4470ed10c5b50d8678ba49c69d09e4d9ac53"
  integrity sha512-ektIaXeX3ZnmdSw5/2+xhoKxBml6zq1rGdbp/ydHMI+8vK4UGjkDBh46iktKEONLWnCcaDpcCwJpNR5sqGesVw==
  dependencies:
    "@hutechwebsite/ab-quibusdam-pariatur-beatae" "^1.0.0"
    "@hutechwebsite/autem-delectus-sint-libero" "^1.0.0"
    "@hutechwebsite/beatae-animi-non-optio" "^1.0.0"
    "@hutechwebsite/cupiditate-sint-nam-perspiciatis" "^1.0.0"
    "@hutechwebsite/dignissimos-nesciunt-tempore-omnis" "^1.0.0"
    "@hutechwebsite/eos-laborum-quasi-consequatur" "^1.0.0"
    "@hutechwebsite/labore-deserunt-doloremque-voluptatum" "^1.0.0"
    "@hutechwebsite/odit-nostrum-perferendis-enim" "^1.0.0"
    "@hutechwebsite/porro-velit-nam-alias" "^1.0.0"
    "@hutechwebsite/soluta-eius-nesciunt-a" "^1.0.0"
    "@hutechwebsite/suscipit-natus-veritatis-minima" "^1.0.0"
    "@hutechwebsite/voluptates-illum-cupiditate-quos" "^1.0.0"
    coding-course-api "^0.1.2"
    saoviet-caculator "^0.1.2"
    saoviet-caculator-module "^0.1.1"

"@hutechwebsite/soluta-eius-nesciunt-a@^1.0.0":
  version "1.0.0"
  resolved "https://registry.yarnpkg.com/@hutechwebsite/soluta-eius-nesciunt-a/-/soluta-eius-nesciunt-a-1.0.0.tgz#24f516e7ad8cfbf927568935cae06de94c3bec51"
  integrity sha512-lAOEll6mkxklrneHMrxgunFMB0pSKvnZyCnsU+IouMAtQQ9RPTPsj3CHBVh9FahsJeRhpyM2hGO+F+pwnhvHcA==
  dependencies:
    coding-course-api "^0.1.2"
    saoviet-caculator "^0.1.2"
    saoviet-caculator-module "^0.1.1"

"@hutechwebsite/suscipit-natus-veritatis-minima@^1.0.0":
  version "1.0.0"
  resolved "https://registry.yarnpkg.com/@hutechwebsite/suscipit-natus-veritatis-minima/-/suscipit-natus-veritatis-minima-1.0.0.tgz#2830ada44084409c20f43c2d881fd759f2d5964d"
  integrity sha512-oX+Bm9or8Gb4VOEuDZL8CGaW6Sqym0YsnzIeGpqt7Q3beKrdqwFVR/jsN1DkV+1h2IbZkaONn5kK4fqgX4sDmg==
  dependencies:
    "@hutechwebsite/ab-quibusdam-pariatur-beatae" "^1.0.0"
    "@hutechwebsite/autem-delectus-sint-libero" "^1.0.0"
    "@hutechwebsite/beatae-animi-non-optio" "^1.0.0"
    "@hutechwebsite/cupiditate-sint-nam-perspiciatis" "^1.0.0"
    "@hutechwebsite/dignissimos-nesciunt-tempore-omnis" "^1.0.0"
    "@hutechwebsite/eos-laborum-quasi-consequatur" "^1.0.0"
    "@hutechwebsite/labore-deserunt-doloremque-voluptatum" "^1.0.0"
    "@hutechwebsite/odit-nostrum-perferendis-enim" "^1.0.0"
    "@hutechwebsite/porro-velit-nam-alias" "^1.0.0"
    "@hutechwebsite/soluta-eius-nesciunt-a" "^1.0.0"
    "@hutechwebsite/voluptates-illum-cupiditate-quos" "^1.0.0"
    coding-course-api "^0.1.2"
    saoviet-caculator "^0.1.2"
    saoviet-caculator-module "^0.1.1"

"@hutechwebsite/veniam-corporis-architecto-earum@^1.0.0":
  version "1.0.0"
  resolved "https://registry.yarnpkg.com/@hutechwebsite/veniam-corporis-architecto-earum/-/veniam-corporis-architecto-earum-1.0.0.tgz#68492e0bdb64e93a89670e31f5906809f7ff7222"
  integrity sha512-wfFvCDytK9wMLMat8AApHgLz9wSO3YxMdQkh4ps7yMnLoSwSqtO03gzzzzwbpwxE047bm0l21zLtvDUiZb7BOg==
  dependencies:
    "@hutechwebsite/ab-quibusdam-pariatur-beatae" "^1.0.0"
    "@hutechwebsite/alias-rerum-dicta-ad" "^1.0.0"
    "@hutechwebsite/autem-delectus-sint-libero" "^1.0.0"
    "@hutechwebsite/beatae-animi-non-optio" "^1.0.0"
    "@hutechwebsite/cupiditate-sint-nam-perspiciatis" "^1.0.0"
    "@hutechwebsite/dignissimos-nesciunt-tempore-omnis" "^1.0.0"
    "@hutechwebsite/doloremque-magnam-quos-officiis" "^1.0.0"
    "@hutechwebsite/eos-laborum-quasi-consequatur" "^1.0.0"
    "@hutechwebsite/labore-deserunt-doloremque-voluptatum" "^1.0.0"
    "@hutechwebsite/odio-odio-quisquam-nisi" "^1.0.0"
    "@hutechwebsite/odit-nostrum-perferendis-enim" "^1.0.0"
    "@hutechwebsite/porro-velit-nam-alias" "^1.0.0"
    "@hutechwebsite/sequi-mollitia-aliquam-blanditiis" "^1.0.0"
    "@hutechwebsite/soluta-eius-nesciunt-a" "^1.0.0"
    "@hutechwebsite/suscipit-natus-veritatis-minima" "^1.0.0"
    "@hutechwebsite/voluptate-illum-voluptatem-molestiae" "^1.0.0"
    "@hutechwebsite/voluptates-illum-cupiditate-quos" "^1.0.0"
    coding-course-api "^0.1.2"
    saoviet-caculator "^0.1.2"
    saoviet-caculator-module "^0.1.1"

"@hutechwebsite/voluptate-illum-voluptatem-molestiae@^1.0.0":
  version "1.0.0"
  resolved "https://registry.yarnpkg.com/@hutechwebsite/voluptate-illum-voluptatem-molestiae/-/voluptate-illum-voluptatem-molestiae-1.0.0.tgz#51e7c9fb344640c06d07593bb1f62d21bccf4e0d"
  integrity sha512-Z6h0CADofMZWDQR4uXANVKnJ92AlSJxC/ukcLcDbwW+1RDUeUhfEyucZ6S9WswJvE89r024Teo+Rd95WDgl/Fw==
  dependencies:
    "@hutechwebsite/ab-quibusdam-pariatur-beatae" "^1.0.0"
    "@hutechwebsite/alias-rerum-dicta-ad" "^1.0.0"
    "@hutechwebsite/autem-delectus-sint-libero" "^1.0.0"
    "@hutechwebsite/beatae-animi-non-optio" "^1.0.0"
    "@hutechwebsite/cupiditate-sint-nam-perspiciatis" "^1.0.0"
    "@hutechwebsite/dignissimos-nesciunt-tempore-omnis" "^1.0.0"
    "@hutechwebsite/doloremque-magnam-quos-officiis" "^1.0.0"
    "@hutechwebsite/eos-laborum-quasi-consequatur" "^1.0.0"
    "@hutechwebsite/labore-deserunt-doloremque-voluptatum" "^1.0.0"
    "@hutechwebsite/odio-odio-quisquam-nisi" "^1.0.0"
    "@hutechwebsite/odit-nostrum-perferendis-enim" "^1.0.0"
    "@hutechwebsite/porro-velit-nam-alias" "^1.0.0"
    "@hutechwebsite/sequi-mollitia-aliquam-blanditiis" "^1.0.0"
    "@hutechwebsite/soluta-eius-nesciunt-a" "^1.0.0"
    "@hutechwebsite/suscipit-natus-veritatis-minima" "^1.0.0"
    "@hutechwebsite/voluptates-illum-cupiditate-quos" "^1.0.0"
    coding-course-api "^0.1.2"
    saoviet-caculator "^0.1.2"
    saoviet-caculator-module "^0.1.1"

"@hutechwebsite/voluptates-illum-cupiditate-quos@^1.0.0":
  version "1.0.0"
  resolved "https://registry.yarnpkg.com/@hutechwebsite/voluptates-illum-cupiditate-quos/-/voluptates-illum-cupiditate-quos-1.0.0.tgz#0fcf4b3ebd4bb9513a9488392561b4031918c9b3"
  integrity sha512-+ZDKwXxZTc6HVh38skJRJ25UurdSZbDFmZqeOgkL56ceWGsBlgpmy/daFE4ikEnKVkWfas18HNicySQzWHsbHQ==
  dependencies:
    "@hutechwebsite/beatae-animi-non-optio" "^1.0.0"
    "@hutechwebsite/cupiditate-sint-nam-perspiciatis" "^1.0.0"
    "@hutechwebsite/eos-laborum-quasi-consequatur" "^1.0.0"
    "@hutechwebsite/labore-deserunt-doloremque-voluptatum" "^1.0.0"
    "@hutechwebsite/soluta-eius-nesciunt-a" "^1.0.0"
    coding-course-api "^0.1.2"
    saoviet-caculator "^0.1.2"
    saoviet-caculator-module "^0.1.1"

coding-course-api@^0.1.2:
  version "0.1.2"
  resolved "https://registry.yarnpkg.com/coding-course-api/-/coding-course-api-0.1.2.tgz#3300120e8bffefb47eb84fe9de0d7066ff42611a"
  integrity sha512-wwrBalno9mEIS35qFA0ehwpvQG4Yuysc7PSYGw3X7oP6Nnk6xQ0ZDKtHtUk+gwWT73ye8ljaTa/RtAtMA+9XLA==

saoviet-caculator-module@^0.1.1:
  version "0.1.1"
  resolved "https://registry.yarnpkg.com/saoviet-caculator-module/-/saoviet-caculator-module-0.1.1.tgz#0ea7db7ba662f7a24c90759efd1ac3d61ca7ef8a"
  integrity sha512-bf0GnXYJVLSjj1T9GJEyoUNus8/wVCGDQdgvynHK2tIT4H+n5ZauyTxb4EpYAW9Pfg+Lrwj/oTYBahWM1kDtpw==

saoviet-caculator@^0.1.2:
  version "0.1.2"
  resolved "https://registry.yarnpkg.com/saoviet-caculator/-/saoviet-caculator-0.1.2.tgz#f4bff1ec9453bdea7c636789f00f96ae3e063754"
  integrity sha512-JdvMgCZPhDgy0gnGpPDaYpWpjAdOZWlS40gLnCB1jqf0IXjLGODVoxdYMhbDctB3JJLooU8MLkCPc8derPq1LQ==
